{
  "originHash" : "bd310bfd1858cf2fcb64bb6a14973a195ecf0d148bd7763c6ac8f040a2e713ba",
  "pins" : [
    {
      "identity" : "stellar-ios-mac-sdk",
      "kind" : "remoteSourceControl",
      "location" : "https://github.com/Soneso/stellar-ios-mac-sdk",
      "state" : {
        "revision" : "8860f295792d758295b7bc08e8549cef786581f2",
        "version" : "3.2.8"
      }
    },
    {
      "identity" : "swift-secp256k1",
      "kind" : "remoteSourceControl",
      "location" : "https://github.com/21-DOT-DEV/swift-secp256k1",
      "state" : {
        "revision" : "8c62aba8a3011c9bcea232e5ee007fb0b34a15e2",
        "version" : "0.21.1"
      }
    }
  ],
  "version" : 3
}
